
Microsoft Visual Studio Solution File, Format Version 12.00
# Visual Studio Version 16
VisualStudioVersion = 16.0.29721.120
MinimumVisualStudioVersion = 10.0.40219.1
Project("{FAE04EC0-301F-11D3-BF4B-00C04F79EFBC}") = "Employee.Common", "Employee.Common\Employee.Common.csproj", "{1726C432-A736-4339-9802-48A789B61D6C}"
EndProject
Project("{FAE04EC0-301F-11D3-BF4B-00C04F79EFBC}") = "Employee.Web", "Employee.Web\Employee.Web.csproj", "{694FF13C-6C75-43AE-B3E3-1563C9D4D892}"
EndProject
Project("{FAE04EC0-301F-11D3-BF4B-00C04F79EFBC}") = "Employee.Prism", "Employee.Prism\Employee.Prism\Employee.Prism.csproj", "{4347D842-DF16-4820-AAF8-2BA15B456048}"
EndProject
Project("{FAE04EC0-301F-11D3-BF4B-00C04F79EFBC}") = "Employee.Prism.Android", "Employee.Prism\Employee.Prism.Android\Employee.Prism.Android.csproj", "{26D1985C-6393-4B8D-9755-9890B6639881}"
EndProject
Project("{FAE04EC0-301F-11D3-BF4B-00C04F79EFBC}") = "Employee.Prism.iOS", "Employee.Prism\Employee.Prism.iOS\Employee.Prism.iOS.csproj", "{BA306E41-45DD-4E4D-B20A-1424EFD8AFE6}"
EndProject
Project("{FAE04EC0-301F-11D3-BF4B-00C04F79EFBC}") = "Employee.Cross.Android", "Employee.Cross.Android\Employee.Cross.Android.csproj", "{BE75378E-383C-4598-9BB7-95A82D728943}"
EndProject
Project("{FAE04EC0-301F-11D3-BF4B-00C04F79EFBC}") = "Employee.Cross.iOS", "Employee.Cross.iOS\Employee.Cross.iOS.csproj", "{B6635E92-938E-4A79-B7AA-A59EDF740F97}"
EndProject
Global
	GlobalSection(SolutionConfigurationPlatforms) = preSolution
		Ad-Hoc|Any CPU = Ad-Hoc|Any CPU
		Ad-Hoc|iPhone = Ad-Hoc|iPhone
		Ad-Hoc|iPhoneSimulator = Ad-Hoc|iPhoneSimulator
		AppStore|Any CPU = AppStore|Any CPU
		AppStore|iPhone = AppStore|iPhone
		AppStore|iPhoneSimulator = AppStore|iPhoneSimulator
		Debug|Any CPU = Debug|Any CPU
		Debug|iPhone = Debug|iPhone
		Debug|iPhoneSimulator = Debug|iPhoneSimulator
		Release|Any CPU = Release|Any CPU
		Release|iPhone = Release|iPhone
		Release|iPhoneSimulator = Release|iPhoneSimulator
	EndGlobalSection
	GlobalSection(ProjectConfigurationPlatforms) = postSolution
		{1726C432-A736-4339-9802-48A789B61D6C}.Ad-Hoc|Any CPU.ActiveCfg = Debug|Any CPU
		{1726C432-A736-4339-9802-48A789B61D6C}.Ad-Hoc|Any CPU.Build.0 = Debug|Any CPU
		{1726C432-A736-4339-9802-48A789B61D6C}.Ad-Hoc|iPhone.ActiveCfg = Debug|Any CPU
		{1726C432-A736-4339-9802-48A789B61D6C}.Ad-Hoc|iPhone.Build.0 = Debug|Any CPU
		{1726C432-A736-4339-9802-48A789B61D6C}.Ad-Hoc|iPhoneSimulator.ActiveCfg = Debug|Any CPU
		{1726C432-A736-4339-9802-48A789B61D6C}.Ad-Hoc|iPhoneSimulator.Build.0 = Debug|Any CPU
		{1726C432-A736-4339-9802-48A789B61D6C}.AppStore|Any CPU.ActiveCfg = Debug|Any CPU
		{1726C432-A736-4339-9802-48A789B61D6C}.AppStore|Any CPU.Build.0 = Debug|Any CPU
		{1726C432-A736-4339-9802-48A789B61D6C}.AppStore|iPhone.ActiveCfg = Debug|Any CPU
		{1726C432-A736-4339-9802-48A789B61D6C}.AppStore|iPhone.Build.0 = Debug|Any CPU
		{1726C432-A736-4339-9802-48A789B61D6C}.AppStore|iPhoneSimulator.ActiveCfg = Debug|Any CPU
		{1726C432-A736-4339-9802-48A789B61D6C}.AppStore|iPhoneSimulator.Build.0 = Debug|Any CPU
		{1726C432-A736-4339-9802-48A789B61D6C}.Debug|Any CPU.ActiveCfg = Debug|Any CPU
		{1726C432-A736-4339-9802-48A789B61D6C}.Debug|Any CPU.Build.0 = Debug|Any CPU
		{1726C432-A736-4339-9802-48A789B61D6C}.Debug|iPhone.ActiveCfg = Debug|Any CPU
		{1726C432-A736-4339-9802-48A789B61D6C}.Debug|iPhone.Build.0 = Debug|Any CPU
		{1726C432-A736-4339-9802-48A789B61D6C}.Debug|iPhoneSimulator.ActiveCfg = Debug|Any CPU
		{1726C432-A736-4339-9802-48A789B61D6C}.Debug|iPhoneSimulator.Build.0 = Debug|Any CPU
		{1726C432-A736-4339-9802-48A789B61D6C}.Release|Any CPU.ActiveCfg = Release|Any CPU
		{1726C432-A736-4339-9802-48A789B61D6C}.Release|Any CPU.Build.0 = Release|Any CPU
		{1726C432-A736-4339-9802-48A789B61D6C}.Release|iPhone.ActiveCfg = Release|Any CPU
		{1726C432-A736-4339-9802-48A789B61D6C}.Release|iPhone.Build.0 = Release|Any CPU
		{1726C432-A736-4339-9802-48A789B61D6C}.Release|iPhoneSimulator.ActiveCfg = Release|Any CPU
		{1726C432-A736-4339-9802-48A789B61D6C}.Release|iPhoneSimulator.Build.0 = Release|Any CPU
		{694FF13C-6C75-43AE-B3E3-1563C9D4D892}.Ad-Hoc|Any CPU.ActiveCfg = Debug|Any CPU
		{694FF13C-6C75-43AE-B3E3-1563C9D4D892}.Ad-Hoc|Any CPU.Build.0 = Debug|Any CPU
		{694FF13C-6C75-43AE-B3E3-1563C9D4D892}.Ad-Hoc|iPhone.ActiveCfg = Debug|Any CPU
		{694FF13C-6C75-43AE-B3E3-1563C9D4D892}.Ad-Hoc|iPhone.Build.0 = Debug|Any CPU
		{694FF13C-6C75-43AE-B3E3-1563C9D4D892}.Ad-Hoc|iPhoneSimulator.ActiveCfg = Debug|Any CPU
		{694FF13C-6C75-43AE-B3E3-1563C9D4D892}.Ad-Hoc|iPhoneSimulator.Build.0 = Debug|Any CPU
		{694FF13C-6C75-43AE-B3E3-1563C9D4D892}.AppStore|Any CPU.ActiveCfg = Debug|Any CPU
		{694FF13C-6C75-43AE-B3E3-1563C9D4D892}.AppStore|Any CPU.Build.0 = Debug|Any CPU
		{694FF13C-6C75-43AE-B3E3-1563C9D4D892}.AppStore|iPhone.ActiveCfg = Debug|Any CPU
		{694FF13C-6C75-43AE-B3E3-1563C9D4D892}.AppStore|iPhone.Build.0 = Debug|Any CPU
		{694FF13C-6C75-43AE-B3E3-1563C9D4D892}.AppStore|iPhoneSimulator.ActiveCfg = Debug|Any CPU
		{694FF13C-6C75-43AE-B3E3-1563C9D4D892}.AppStore|iPhoneSimulator.Build.0 = Debug|Any CPU
		{694FF13C-6C75-43AE-B3E3-1563C9D4D892}.Debug|Any CPU.ActiveCfg = Debug|Any CPU
		{694FF13C-6C75-43AE-B3E3-1563C9D4D892}.Debug|Any CPU.Build.0 = Debug|Any CPU
		{694FF13C-6C75-43AE-B3E3-1563C9D4D892}.Debug|iPhone.ActiveCfg = Debug|Any CPU
		{694FF13C-6C75-43AE-B3E3-1563C9D4D892}.Debug|iPhone.Build.0 = Debug|Any CPU
		{694FF13C-6C75-43AE-B3E3-1563C9D4D892}.Debug|iPhoneSimulator.ActiveCfg = Debug|Any CPU
		{694FF13C-6C75-43AE-B3E3-1563C9D4D892}.Debug|iPhoneSimulator.Build.0 = Debug|Any CPU
		{694FF13C-6C75-43AE-B3E3-1563C9D4D892}.Release|Any CPU.ActiveCfg = Release|Any CPU
		{694FF13C-6C75-43AE-B3E3-1563C9D4D892}.Release|Any CPU.Build.0 = Release|Any CPU
		{694FF13C-6C75-43AE-B3E3-1563C9D4D892}.Release|iPhone.ActiveCfg = Release|Any CPU
		{694FF13C-6C75-43AE-B3E3-1563C9D4D892}.Release|iPhone.Build.0 = Release|Any CPU
		{694FF13C-6C75-43AE-B3E3-1563C9D4D892}.Release|iPhoneSimulator.ActiveCfg = Release|Any CPU
		{694FF13C-6C75-43AE-B3E3-1563C9D4D892}.Release|iPhoneSimulator.Build.0 = Release|Any CPU
		{4347D842-DF16-4820-AAF8-2BA15B456048}.Ad-Hoc|Any CPU.ActiveCfg = Debug|Any CPU
		{4347D842-DF16-4820-AAF8-2BA15B456048}.Ad-Hoc|Any CPU.Build.0 = Debug|Any CPU
		{4347D842-DF16-4820-AAF8-2BA15B456048}.Ad-Hoc|iPhone.ActiveCfg = Debug|Any CPU
		{4347D842-DF16-4820-AAF8-2BA15B456048}.Ad-Hoc|iPhone.Build.0 = Debug|Any CPU
		{4347D842-DF16-4820-AAF8-2BA15B456048}.Ad-Hoc|iPhoneSimulator.ActiveCfg = Debug|Any CPU
		{4347D842-DF16-4820-AAF8-2BA15B456048}.Ad-Hoc|iPhoneSimulator.Build.0 = Debug|Any CPU
		{4347D842-DF16-4820-AAF8-2BA15B456048}.AppStore|Any CPU.ActiveCfg = Debug|Any CPU
		{4347D842-DF16-4820-AAF8-2BA15B456048}.AppStore|Any CPU.Build.0 = Debug|Any CPU
		{4347D842-DF16-4820-AAF8-2BA15B456048}.AppStore|iPhone.ActiveCfg = Debug|Any CPU
		{4347D842-DF16-4820-AAF8-2BA15B456048}.AppStore|iPhone.Build.0 = Debug|Any CPU
		{4347D842-DF16-4820-AAF8-2BA15B456048}.AppStore|iPhoneSimulator.ActiveCfg = Debug|Any CPU
		{4347D842-DF16-4820-AAF8-2BA15B456048}.AppStore|iPhoneSimulator.Build.0 = Debug|Any CPU
		{4347D842-DF16-4820-AAF8-2BA15B456048}.Debug|Any CPU.ActiveCfg = Debug|Any CPU
		{4347D842-DF16-4820-AAF8-2BA15B456048}.Debug|Any CPU.Build.0 = Debug|Any CPU
		{4347D842-DF16-4820-AAF8-2BA15B456048}.Debug|iPhone.ActiveCfg = Debug|Any CPU
		{4347D842-DF16-4820-AAF8-2BA15B456048}.Debug|iPhone.Build.0 = Debug|Any CPU
		{4347D842-DF16-4820-AAF8-2BA15B456048}.Debug|iPhoneSimulator.ActiveCfg = Debug|Any CPU
		{4347D842-DF16-4820-AAF8-2BA15B456048}.Debug|iPhoneSimulator.Build.0 = Debug|Any CPU
		{4347D842-DF16-4820-AAF8-2BA15B456048}.Release|Any CPU.ActiveCfg = Release|Any CPU
		{4347D842-DF16-4820-AAF8-2BA15B456048}.Release|Any CPU.Build.0 = Release|Any CPU
		{4347D842-DF16-4820-AAF8-2BA15B456048}.Release|iPhone.ActiveCfg = Release|Any CPU
		{4347D842-DF16-4820-AAF8-2BA15B456048}.Release|iPhone.Build.0 = Release|Any CPU
		{4347D842-DF16-4820-AAF8-2BA15B456048}.Release|iPhoneSimulator.ActiveCfg = Release|Any CPU
		{4347D842-DF16-4820-AAF8-2BA15B456048}.Release|iPhoneSimulator.Build.0 = Release|Any CPU
		{26D1985C-6393-4B8D-9755-9890B6639881}.Ad-Hoc|Any CPU.ActiveCfg = Release|Any CPU
		{26D1985C-6393-4B8D-9755-9890B6639881}.Ad-Hoc|Any CPU.Build.0 = Release|Any CPU
		{26D1985C-6393-4B8D-9755-9890B6639881}.Ad-Hoc|Any CPU.Deploy.0 = Release|Any CPU
		{26D1985C-6393-4B8D-9755-9890B6639881}.Ad-Hoc|iPhone.ActiveCfg = Release|Any CPU
		{26D1985C-6393-4B8D-9755-9890B6639881}.Ad-Hoc|iPhone.Build.0 = Release|Any CPU
		{26D1985C-6393-4B8D-9755-9890B6639881}.Ad-Hoc|iPhone.Deploy.0 = Release|Any CPU
		{26D1985C-6393-4B8D-9755-9890B6639881}.Ad-Hoc|iPhoneSimulator.ActiveCfg = Release|Any CPU
		{26D1985C-6393-4B8D-9755-9890B6639881}.Ad-Hoc|iPhoneSimulator.Build.0 = Release|Any CPU
		{26D1985C-6393-4B8D-9755-9890B6639881}.Ad-Hoc|iPhoneSimulator.Deploy.0 = Release|Any CPU
		{26D1985C-6393-4B8D-9755-9890B6639881}.AppStore|Any CPU.ActiveCfg = Release|Any CPU
		{26D1985C-6393-4B8D-9755-9890B6639881}.AppStore|Any CPU.Build.0 = Release|Any CPU
		{26D1985C-6393-4B8D-9755-9890B6639881}.AppStore|Any CPU.Deploy.0 = Release|Any CPU
		{26D1985C-6393-4B8D-9755-9890B6639881}.AppStore|iPhone.ActiveCfg = Release|Any CPU
		{26D1985C-6393-4B8D-9755-9890B6639881}.AppStore|iPhone.Build.0 = Release|Any CPU
		{26D1985C-6393-4B8D-9755-9890B6639881}.AppStore|iPhone.Deploy.0 = Release|Any CPU
		{26D1985C-6393-4B8D-9755-9890B6639881}.AppStore|iPhoneSimulator.ActiveCfg = Release|Any CPU
		{26D1985C-6393-4B8D-9755-9890B6639881}.AppStore|iPhoneSimulator.Build.0 = Release|Any CPU
		{26D1985C-6393-4B8D-9755-9890B6639881}.AppStore|iPhoneSimulator.Deploy.0 = Release|Any CPU
		{26D1985C-6393-4B8D-9755-9890B6639881}.Debug|Any CPU.ActiveCfg = Debug|Any CPU
		{26D1985C-6393-4B8D-9755-9890B6639881}.Debug|Any CPU.Build.0 = Debug|Any CPU
		{26D1985C-6393-4B8D-9755-9890B6639881}.Debug|Any CPU.Deploy.0 = Debug|Any CPU
		{26D1985C-6393-4B8D-9755-9890B6639881}.Debug|iPhone.ActiveCfg = Debug|Any CPU
		{26D1985C-6393-4B8D-9755-9890B6639881}.Debug|iPhone.Build.0 = Debug|Any CPU
		{26D1985C-6393-4B8D-9755-9890B6639881}.Debug|iPhone.Deploy.0 = Debug|Any CPU
		{26D1985C-6393-4B8D-9755-9890B6639881}.Debug|iPhoneSimulator.ActiveCfg = Debug|Any CPU
		{26D1985C-6393-4B8D-9755-9890B6639881}.Debug|iPhoneSimulator.Build.0 = Debug|Any CPU
		{26D1985C-6393-4B8D-9755-9890B6639881}.Debug|iPhoneSimulator.Deploy.0 = Debug|Any CPU
		{26D1985C-6393-4B8D-9755-9890B6639881}.Release|Any CPU.ActiveCfg = Release|Any CPU
		{26D1985C-6393-4B8D-9755-9890B6639881}.Release|Any CPU.Build.0 = Release|Any CPU
		{26D1985C-6393-4B8D-9755-9890B6639881}.Release|Any CPU.Deploy.0 = Release|Any CPU
		{26D1985C-6393-4B8D-9755-9890B6639881}.Release|iPhone.ActiveCfg = Release|Any CPU
		{26D1985C-6393-4B8D-9755-9890B6639881}.Release|iPhone.Build.0 = Release|Any CPU
		{26D1985C-6393-4B8D-9755-9890B6639881}.Release|iPhone.Deploy.0 = Release|Any CPU
		{26D1985C-6393-4B8D-9755-9890B6639881}.Release|iPhoneSimulator.ActiveCfg = Release|Any CPU
		{26D1985C-6393-4B8D-9755-9890B6639881}.Release|iPhoneSimulator.Build.0 = Release|Any CPU
		{26D1985C-6393-4B8D-9755-9890B6639881}.Release|iPhoneSimulator.Deploy.0 = Release|Any CPU
		{BA306E41-45DD-4E4D-B20A-1424EFD8AFE6}.Ad-Hoc|Any CPU.ActiveCfg = Ad-Hoc|iPhone
		{BA306E41-45DD-4E4D-B20A-1424EFD8AFE6}.Ad-Hoc|iPhone.ActiveCfg = Ad-Hoc|iPhone
		{BA306E41-45DD-4E4D-B20A-1424EFD8AFE6}.Ad-Hoc|iPhone.Build.0 = Ad-Hoc|iPhone
		{BA306E41-45DD-4E4D-B20A-1424EFD8AFE6}.Ad-Hoc|iPhoneSimulator.ActiveCfg = Ad-Hoc|iPhoneSimulator
		{BA306E41-45DD-4E4D-B20A-1424EFD8AFE6}.Ad-Hoc|iPhoneSimulator.Build.0 = Ad-Hoc|iPhoneSimulator
		{BA306E41-45DD-4E4D-B20A-1424EFD8AFE6}.AppStore|Any CPU.ActiveCfg = AppStore|iPhone
		{BA306E41-45DD-4E4D-B20A-1424EFD8AFE6}.AppStore|iPhone.ActiveCfg = AppStore|iPhone
		{BA306E41-45DD-4E4D-B20A-1424EFD8AFE6}.AppStore|iPhone.Build.0 = AppStore|iPhone
		{BA306E41-45DD-4E4D-B20A-1424EFD8AFE6}.AppStore|iPhoneSimulator.ActiveCfg = AppStore|iPhoneSimulator
		{BA306E41-45DD-4E4D-B20A-1424EFD8AFE6}.AppStore|iPhoneSimulator.Build.0 = AppStore|iPhoneSimulator
		{BA306E41-45DD-4E4D-B20A-1424EFD8AFE6}.Debug|Any CPU.ActiveCfg = Debug|iPhone
		{BA306E41-45DD-4E4D-B20A-1424EFD8AFE6}.Debug|iPhone.ActiveCfg = Debug|iPhone
		{BA306E41-45DD-4E4D-B20A-1424EFD8AFE6}.Debug|iPhone.Build.0 = Debug|iPhone
		{BA306E41-45DD-4E4D-B20A-1424EFD8AFE6}.Debug|iPhoneSimulator.ActiveCfg = Debug|iPhoneSimulator
		{BA306E41-45DD-4E4D-B20A-1424EFD8AFE6}.Debug|iPhoneSimulator.Build.0 = Debug|iPhoneSimulator
		{BA306E41-45DD-4E4D-B20A-1424EFD8AFE6}.Release|Any CPU.ActiveCfg = Release|iPhone
		{BA306E41-45DD-4E4D-B20A-1424EFD8AFE6}.Release|iPhone.ActiveCfg = Release|iPhone
		{BA306E41-45DD-4E4D-B20A-1424EFD8AFE6}.Release|iPhone.Build.0 = Release|iPhone
		{BA306E41-45DD-4E4D-B20A-1424EFD8AFE6}.Release|iPhoneSimulator.ActiveCfg = Release|iPhoneSimulator
		{BA306E41-45DD-4E4D-B20A-1424EFD8AFE6}.Release|iPhoneSimulator.Build.0 = Release|iPhoneSimulator
		{BE75378E-383C-4598-9BB7-95A82D728943}.Ad-Hoc|Any CPU.ActiveCfg = Release|Any CPU
		{BE75378E-383C-4598-9BB7-95A82D728943}.Ad-Hoc|Any CPU.Build.0 = Release|Any CPU
		{BE75378E-383C-4598-9BB7-95A82D728943}.Ad-Hoc|Any CPU.Deploy.0 = Release|Any CPU
		{BE75378E-383C-4598-9BB7-95A82D728943}.Ad-Hoc|iPhone.ActiveCfg = Release|Any CPU
		{BE75378E-383C-4598-9BB7-95A82D728943}.Ad-Hoc|iPhone.Build.0 = Release|Any CPU
		{BE75378E-383C-4598-9BB7-95A82D728943}.Ad-Hoc|iPhone.Deploy.0 = Release|Any CPU
		{BE75378E-383C-4598-9BB7-95A82D728943}.Ad-Hoc|iPhoneSimulator.ActiveCfg = Release|Any CPU
		{BE75378E-383C-4598-9BB7-95A82D728943}.Ad-Hoc|iPhoneSimulator.Build.0 = Release|Any CPU
		{BE75378E-383C-4598-9BB7-95A82D728943}.Ad-Hoc|iPhoneSimulator.Deploy.0 = Release|Any CPU
		{BE75378E-383C-4598-9BB7-95A82D728943}.AppStore|Any CPU.ActiveCfg = Release|Any CPU
		{BE75378E-383C-4598-9BB7-95A82D728943}.AppStore|Any CPU.Build.0 = Release|Any CPU
		{BE75378E-383C-4598-9BB7-95A82D728943}.AppStore|Any CPU.Deploy.0 = Release|Any CPU
		{BE75378E-383C-4598-9BB7-95A82D728943}.AppStore|iPhone.ActiveCfg = Release|Any CPU
		{BE75378E-383C-4598-9BB7-95A82D728943}.AppStore|iPhone.Build.0 = Release|Any CPU
		{BE75378E-383C-4598-9BB7-95A82D728943}.AppStore|iPhone.Deploy.0 = Release|Any CPU
		{BE75378E-383C-4598-9BB7-95A82D728943}.AppStore|iPhoneSimulator.ActiveCfg = Release|Any CPU
		{BE75378E-383C-4598-9BB7-95A82D728943}.AppStore|iPhoneSimulator.Build.0 = Release|Any CPU
		{BE75378E-383C-4598-9BB7-95A82D728943}.AppStore|iPhoneSimulator.Deploy.0 = Release|Any CPU
		{BE75378E-383C-4598-9BB7-95A82D728943}.Debug|Any CPU.ActiveCfg = Debug|Any CPU
		{BE75378E-383C-4598-9BB7-95A82D728943}.Debug|Any CPU.Build.0 = Debug|Any CPU
		{BE75378E-383C-4598-9BB7-95A82D728943}.Debug|Any CPU.Deploy.0 = Debug|Any CPU
		{BE75378E-383C-4598-9BB7-95A82D728943}.Debug|iPhone.ActiveCfg = Debug|Any CPU
		{BE75378E-383C-4598-9BB7-95A82D728943}.Debug|iPhone.Build.0 = Debug|Any CPU
		{BE75378E-383C-4598-9BB7-95A82D728943}.Debug|iPhone.Deploy.0 = Debug|Any CPU
		{BE75378E-383C-4598-9BB7-95A82D728943}.Debug|iPhoneSimulator.ActiveCfg = Debug|Any CPU
		{BE75378E-383C-4598-9BB7-95A82D728943}.Debug|iPhoneSimulator.Build.0 = Debug|Any CPU
		{BE75378E-383C-4598-9BB7-95A82D728943}.Debug|iPhoneSimulator.Deploy.0 = Debug|Any CPU
		{BE75378E-383C-4598-9BB7-95A82D728943}.Release|Any CPU.ActiveCfg = Release|Any CPU
		{BE75378E-383C-4598-9BB7-95A82D728943}.Release|Any CPU.Build.0 = Release|Any CPU
		{BE75378E-383C-4598-9BB7-95A82D728943}.Release|Any CPU.Deploy.0 = Release|Any CPU
		{BE75378E-383C-4598-9BB7-95A82D728943}.Release|iPhone.ActiveCfg = Release|Any CPU
		{BE75378E-383C-4598-9BB7-95A82D728943}.Release|iPhone.Build.0 = Release|Any CPU
		{BE75378E-383C-4598-9BB7-95A82D728943}.Release|iPhone.Deploy.0 = Release|Any CPU
		{BE75378E-383C-4598-9BB7-95A82D728943}.Release|iPhoneSimulator.ActiveCfg = Release|Any CPU
		{BE75378E-383C-4598-9BB7-95A82D728943}.Release|iPhoneSimulator.Build.0 = Release|Any CPU
		{BE75378E-383C-4598-9BB7-95A82D728943}.Release|iPhoneSimulator.Deploy.0 = Release|Any CPU
		{B6635E92-938E-4A79-B7AA-A59EDF740F97}.Ad-Hoc|Any CPU.ActiveCfg = Release|iPhone
		{B6635E92-938E-4A79-B7AA-A59EDF740F97}.Ad-Hoc|Any CPU.Build.0 = Release|iPhone
		{B6635E92-938E-4A79-B7AA-A59EDF740F97}.Ad-Hoc|iPhone.ActiveCfg = Release|iPhone
		{B6635E92-938E-4A79-B7AA-A59EDF740F97}.Ad-Hoc|iPhone.Build.0 = Release|iPhone
		{B6635E92-938E-4A79-B7AA-A59EDF740F97}.Ad-Hoc|iPhoneSimulator.ActiveCfg = Release|iPhoneSimulator
		{B6635E92-938E-4A79-B7AA-A59EDF740F97}.Ad-Hoc|iPhoneSimulator.Build.0 = Release|iPhoneSimulator
		{B6635E92-938E-4A79-B7AA-A59EDF740F97}.AppStore|Any CPU.ActiveCfg = Release|iPhone
		{B6635E92-938E-4A79-B7AA-A59EDF740F97}.AppStore|Any CPU.Build.0 = Release|iPhone
		{B6635E92-938E-4A79-B7AA-A59EDF740F97}.AppStore|iPhone.ActiveCfg = Release|iPhone
		{B6635E92-938E-4A79-B7AA-A59EDF740F97}.AppStore|iPhone.Build.0 = Release|iPhone
		{B6635E92-938E-4A79-B7AA-A59EDF740F97}.AppStore|iPhoneSimulator.ActiveCfg = Release|iPhoneSimulator
		{B6635E92-938E-4A79-B7AA-A59EDF740F97}.AppStore|iPhoneSimulator.Build.0 = Release|iPhoneSimulator
		{B6635E92-938E-4A79-B7AA-A59EDF740F97}.Debug|Any CPU.ActiveCfg = Debug|iPhone
		{B6635E92-938E-4A79-B7AA-A59EDF740F97}.Debug|iPhone.ActiveCfg = Debug|iPhone
		{B6635E92-938E-4A79-B7AA-A59EDF740F97}.Debug|iPhone.Build.0 = Debug|iPhone
		{B6635E92-938E-4A79-B7AA-A59EDF740F97}.Debug|iPhoneSimulator.ActiveCfg = Debug|iPhoneSimulator
		{B6635E92-938E-4A79-B7AA-A59EDF740F97}.Debug|iPhoneSimulator.Build.0 = Debug|iPhoneSimulator
		{B6635E92-938E-4A79-B7AA-A59EDF740F97}.Release|Any CPU.ActiveCfg = Release|iPhone
		{B6635E92-938E-4A79-B7AA-A59EDF740F97}.Release|iPhone.ActiveCfg = Release|iPhone
		{B6635E92-938E-4A79-B7AA-A59EDF740F97}.Release|iPhone.Build.0 = Release|iPhone
		{B6635E92-938E-4A79-B7AA-A59EDF740F97}.Release|iPhoneSimulator.ActiveCfg = Release|iPhoneSimulator
		{B6635E92-938E-4A79-B7AA-A59EDF740F97}.Release|iPhoneSimulator.Build.0 = Release|iPhoneSimulator
	EndGlobalSection
	GlobalSection(SolutionProperties) = preSolution
		HideSolutionNode = FALSE
	EndGlobalSection
	GlobalSection(ExtensibilityGlobals) = postSolution
		SolutionGuid = {C033BFAD-0B6A-49F0-91ED-67723CB78638}
	EndGlobalSection
EndGlobal
